
Microsoft Visual Studio Solution File, Format Version 9.00
# Visual Studio 2005
# SharpDevelop 2.1.0.2128
Project("{FAE04EC0-301F-11D3-BF4B-00C04F79EFBC}") = "FuzzyString", "FuzzyString\FuzzyString.csproj", "{55776D82-EA63-47BF-AB6E-C402A2668A34}"
EndProject
Project("{FAE04EC0-301F-11D3-BF4B-00C04F79EFBC}") = "Phonetic", "Phonetic\Phonetic.csproj", "{76A8F583-0937-487D-80E6-26CD64BFEC89}"
EndProject
Project("{FAE04EC0-301F-11D3-BF4B-00C04F79EFBC}") = "StringCompare", "StringCompare\StringCompare.csproj", "{02D05A0C-15B7-4AF3-955F-0AC59BC807AA}"
EndProject
Global
	GlobalSection(SolutionConfigurationPlatforms) = preSolution
		Debug|Any CPU = Debug|Any CPU
		Release|Any CPU = Release|Any CPU
	EndGlobalSection
	GlobalSection(ProjectConfigurationPlatforms) = postSolution
		{55776D82-EA63-47BF-AB6E-C402A2668A34}.Debug|Any CPU.ActiveCfg = Debug|Any CPU
		{55776D82-EA63-47BF-AB6E-C402A2668A34}.Debug|Any CPU.Build.0 = Debug|Any CPU
		{55776D82-EA63-47BF-AB6E-C402A2668A34}.Release|Any CPU.ActiveCfg = Release|Any CPU
		{55776D82-EA63-47BF-AB6E-C402A2668A34}.Release|Any CPU.Build.0 = Release|Any CPU
		{76A8F583-0937-487D-80E6-26CD64BFEC89}.Debug|Any CPU.ActiveCfg = Debug|Any CPU
		{76A8F583-0937-487D-80E6-26CD64BFEC89}.Debug|Any CPU.Build.0 = Debug|Any CPU
		{76A8F583-0937-487D-80E6-26CD64BFEC89}.Release|Any CPU.ActiveCfg = Release|Any CPU
		{76A8F583-0937-487D-80E6-26CD64BFEC89}.Release|Any CPU.Build.0 = Release|Any CPU
		{02D05A0C-15B7-4AF3-955F-0AC59BC807AA}.Debug|Any CPU.ActiveCfg = Debug|Any CPU
		{02D05A0C-15B7-4AF3-955F-0AC59BC807AA}.Debug|Any CPU.Build.0 = Debug|Any CPU
		{02D05A0C-15B7-4AF3-955F-0AC59BC807AA}.Release|Any CPU.ActiveCfg = Release|Any CPU
		{02D05A0C-15B7-4AF3-955F-0AC59BC807AA}.Release|Any CPU.Build.0 = Release|Any CPU
		{700DE073-8BE4-4A47-8310-FF4B897D5585}.Debug|Any CPU.Build.0 = Debug|Any CPU
		{700DE073-8BE4-4A47-8310-FF4B897D5585}.Debug|Any CPU.ActiveCfg = Debug|Any CPU
		{700DE073-8BE4-4A47-8310-FF4B897D5585}.Release|Any CPU.Build.0 = Release|Any CPU
		{700DE073-8BE4-4A47-8310-FF4B897D5585}.Release|Any CPU.ActiveCfg = Release|Any CPU
	EndGlobalSection
	GlobalSection(SolutionProperties) = preSolution
		HideSolutionNode = FALSE
	EndGlobalSection
EndGlobal
