
Microsoft Visual Studio Solution File, Format Version 9.00
# Visual Studio 2005
# SharpDevelop 2.1.0.2167
Project("{FAE04EC0-301F-11D3-BF4B-00C04F79EFBC}") = "Phonetic", "Phonetic.csproj", "{76A8F583-0937-487D-80E6-26CD64BFEC89}"
EndProject
Global
	GlobalSection(SolutionConfigurationPlatforms) = preSolution
		Debug|Any CPU = Debug|Any CPU
		Release|Any CPU = Release|Any CPU
	EndGlobalSection
	GlobalSection(ProjectConfigurationPlatforms) = postSolution
		{76A8F583-0937-487D-80E6-26CD64BFEC89}.Debug|Any CPU.Build.0 = Debug|Any CPU
		{76A8F583-0937-487D-80E6-26CD64BFEC89}.Debug|Any CPU.ActiveCfg = Debug|Any CPU
		{76A8F583-0937-487D-80E6-26CD64BFEC89}.Release|Any CPU.Build.0 = Release|Any CPU
		{76A8F583-0937-487D-80E6-26CD64BFEC89}.Release|Any CPU.ActiveCfg = Release|Any CPU
	EndGlobalSection
EndGlobal
